
Microsoft Visual Studio Solution File, Format Version 12.00
# Visual Studio 2012
Project("{FAE04EC0-301F-11D3-BF4B-00C04F79EFBC}") = "GESTION_CAISSE", "GESTION_CAISSE\GESTION_CAISSE.csproj", "{E8EA44C8-ED42-4453-B76A-BCF2A3162299}"
EndProject
Global
	GlobalSection(SolutionConfigurationPlatforms) = preSolution
		Debug|Any CPU = Debug|Any CPU
		Release|Any CPU = Release|Any CPU
	EndGlobalSection
	GlobalSection(ProjectConfigurationPlatforms) = postSolution
		{E8EA44C8-ED42-4453-B76A-BCF2A3162299}.Debug|Any CPU.ActiveCfg = Debug|Any CPU
		{E8EA44C8-ED42-4453-B76A-BCF2A3162299}.Debug|Any CPU.Build.0 = Debug|Any CPU
		{E8EA44C8-ED42-4453-B76A-BCF2A3162299}.Release|Any CPU.ActiveCfg = Release|Any CPU
		{E8EA44C8-ED42-4453-B76A-BCF2A3162299}.Release|Any CPU.Build.0 = Release|Any CPU
	EndGlobalSection
	GlobalSection(SolutionProperties) = preSolution
		HideSolutionNode = FALSE
	EndGlobalSection
EndGlobal
